{
  "name": "trs-site",
  "version": "1.0.0",
  "lockfileVersion": 3,
  "requires": true,
  "packages": {
    "": {
      "name": "trs-site",
      "version": "1.0.0",
      "license": "ISC",
      "dependencies": {
        "@fontsource-variable/archivo": "^5.3.0",
        "@fontsource-variable/geist": "^5.3.0",
        "@phosphor-icons/core": "^2.1.1"
      }
    },
    "node_modules/@fontsource-variable/archivo": {
      "version": "5.3.0",
      "resolved": "https://registry.npmjs.org/@fontsource-variable/archivo/-/archivo-5.3.0.tgz",
      "integrity": "sha512-HogK8FJelrD1o7TlZlkIVtHgc20bO5PZRWE7mUeUTdMN055alznQV6/00J00IBeu8FQAH4s3zW9UJNvKExXf+g==",
      "license": "OFL-1.1",
      "funding": {
        "url": "https://github.com/sponsors/ayuhito"
      }
    },
    "node_modules/@fontsource-variable/geist": {
      "version": "5.3.0",
      "resolved": "https://registry.npmjs.org/@fontsource-variable/geist/-/geist-5.3.0.tgz",
      "integrity": "sha512-j0m+vLQuG5XAYoHtGCVu0spvlGreR3EzpECUVzkFmI1mTVnAO38l/NEPDCFgZ177JxzYJCLSmTQibIiYPilGrA==",
      "license": "OFL-1.1",
      "funding": {
        "url": "https://github.com/sponsors/ayuhito"
      }
    },
    "node_modules/@phosphor-icons/core": {
      "version": "2.1.1",
      "resolved": "https://registry.npmjs.org/@phosphor-icons/core/-/core-2.1.1.tgz",
      "integrity": "sha512-v4ARvrip4qBCImOE5rmPUylOEK4iiED9ZyKjcvzuezqMaiRASCHKcRIuvvxL/twvLpkfnEODCOJp5dM4eZilxQ==",
      "license": "MIT"
    }
  }
}
